
Microsoft Visual Studio Solution File, Format Version 12.00
# Visual Studio Version 16
VisualStudioVersion = 16.0.809.3
MinimumVisualStudioVersion = 10.0.40219.1
Project("{FAE04EC0-301F-11D3-BF4B-00C04F79EFBC}") = "XF_Accesibility.Android", "XF_Accesibility.Android\XF_Accesibility.Android.csproj", "{B6EBB412-8C22-49AD-A6DE-DDA2BF068617}"
EndProject
Project("{FAE04EC0-301F-11D3-BF4B-00C04F79EFBC}") = "XF_Accesibility.iOS", "XF_Accesibility.iOS\XF_Accesibility.iOS.csproj", "{1A0D3F32-6CD5-41E7-B3BF-D9DF5121327F}"
EndProject
Project("{FAE04EC0-301F-11D3-BF4B-00C04F79EFBC}") = "XF_Accesibility", "XF_Accesibility\XF_Accesibility.csproj", "{95A2CF4E-ACAE-40CD-AC6F-6C90BEB2871D}"
EndProject
Global
	GlobalSection(SolutionConfigurationPlatforms) = preSolution
		Debug|Any CPU = Debug|Any CPU
		Release|Any CPU = Release|Any CPU
		Debug|iPhoneSimulator = Debug|iPhoneSimulator
		Release|iPhoneSimulator = Release|iPhoneSimulator
		Debug|iPhone = Debug|iPhone
		Release|iPhone = Release|iPhone
	EndGlobalSection
	GlobalSection(ProjectConfigurationPlatforms) = postSolution
		{B6EBB412-8C22-49AD-A6DE-DDA2BF068617}.Debug|Any CPU.ActiveCfg = Debug|Any CPU
		{B6EBB412-8C22-49AD-A6DE-DDA2BF068617}.Debug|Any CPU.Build.0 = Debug|Any CPU
		{B6EBB412-8C22-49AD-A6DE-DDA2BF068617}.Release|Any CPU.ActiveCfg = Release|Any CPU
		{B6EBB412-8C22-49AD-A6DE-DDA2BF068617}.Release|Any CPU.Build.0 = Release|Any CPU
		{B6EBB412-8C22-49AD-A6DE-DDA2BF068617}.Debug|iPhoneSimulator.ActiveCfg = Debug|Any CPU
		{B6EBB412-8C22-49AD-A6DE-DDA2BF068617}.Debug|iPhoneSimulator.Build.0 = Debug|Any CPU
		{B6EBB412-8C22-49AD-A6DE-DDA2BF068617}.Release|iPhoneSimulator.ActiveCfg = Release|Any CPU
		{B6EBB412-8C22-49AD-A6DE-DDA2BF068617}.Release|iPhoneSimulator.Build.0 = Release|Any CPU
		{B6EBB412-8C22-49AD-A6DE-DDA2BF068617}.Debug|iPhone.ActiveCfg = Debug|Any CPU
		{B6EBB412-8C22-49AD-A6DE-DDA2BF068617}.Debug|iPhone.Build.0 = Debug|Any CPU
		{B6EBB412-8C22-49AD-A6DE-DDA2BF068617}.Release|iPhone.ActiveCfg = Release|Any CPU
		{B6EBB412-8C22-49AD-A6DE-DDA2BF068617}.Release|iPhone.Build.0 = Release|Any CPU
		{1A0D3F32-6CD5-41E7-B3BF-D9DF5121327F}.Debug|Any CPU.ActiveCfg = Debug|iPhoneSimulator
		{1A0D3F32-6CD5-41E7-B3BF-D9DF5121327F}.Debug|Any CPU.Build.0 = Debug|iPhoneSimulator
		{1A0D3F32-6CD5-41E7-B3BF-D9DF5121327F}.Release|Any CPU.ActiveCfg = Release|iPhoneSimulator
		{1A0D3F32-6CD5-41E7-B3BF-D9DF5121327F}.Release|Any CPU.Build.0 = Release|iPhoneSimulator
		{1A0D3F32-6CD5-41E7-B3BF-D9DF5121327F}.Debug|iPhoneSimulator.ActiveCfg = Debug|iPhoneSimulator
		{1A0D3F32-6CD5-41E7-B3BF-D9DF5121327F}.Debug|iPhoneSimulator.Build.0 = Debug|iPhoneSimulator
		{1A0D3F32-6CD5-41E7-B3BF-D9DF5121327F}.Release|iPhoneSimulator.ActiveCfg = Release|iPhoneSimulator
		{1A0D3F32-6CD5-41E7-B3BF-D9DF5121327F}.Release|iPhoneSimulator.Build.0 = Release|iPhoneSimulator
		{1A0D3F32-6CD5-41E7-B3BF-D9DF5121327F}.Debug|iPhone.ActiveCfg = Debug|iPhone
		{1A0D3F32-6CD5-41E7-B3BF-D9DF5121327F}.Debug|iPhone.Build.0 = Debug|iPhone
		{1A0D3F32-6CD5-41E7-B3BF-D9DF5121327F}.Release|iPhone.ActiveCfg = Release|iPhone
		{1A0D3F32-6CD5-41E7-B3BF-D9DF5121327F}.Release|iPhone.Build.0 = Release|iPhone
		{95A2CF4E-ACAE-40CD-AC6F-6C90BEB2871D}.Debug|Any CPU.ActiveCfg = Debug|Any CPU
		{95A2CF4E-ACAE-40CD-AC6F-6C90BEB2871D}.Debug|Any CPU.Build.0 = Debug|Any CPU
		{95A2CF4E-ACAE-40CD-AC6F-6C90BEB2871D}.Release|Any CPU.ActiveCfg = Release|Any CPU
		{95A2CF4E-ACAE-40CD-AC6F-6C90BEB2871D}.Release|Any CPU.Build.0 = Release|Any CPU
		{95A2CF4E-ACAE-40CD-AC6F-6C90BEB2871D}.Debug|iPhoneSimulator.ActiveCfg = Debug|Any CPU
		{95A2CF4E-ACAE-40CD-AC6F-6C90BEB2871D}.Debug|iPhoneSimulator.Build.0 = Debug|Any CPU
		{95A2CF4E-ACAE-40CD-AC6F-6C90BEB2871D}.Release|iPhoneSimulator.ActiveCfg = Release|Any CPU
		{95A2CF4E-ACAE-40CD-AC6F-6C90BEB2871D}.Release|iPhoneSimulator.Build.0 = Release|Any CPU
		{95A2CF4E-ACAE-40CD-AC6F-6C90BEB2871D}.Debug|iPhone.ActiveCfg = Debug|Any CPU
		{95A2CF4E-ACAE-40CD-AC6F-6C90BEB2871D}.Debug|iPhone.Build.0 = Debug|Any CPU
		{95A2CF4E-ACAE-40CD-AC6F-6C90BEB2871D}.Release|iPhone.ActiveCfg = Release|Any CPU
		{95A2CF4E-ACAE-40CD-AC6F-6C90BEB2871D}.Release|iPhone.Build.0 = Release|Any CPU
	EndGlobalSection
	GlobalSection(SolutionProperties) = preSolution
		HideSolutionNode = FALSE
	EndGlobalSection
	GlobalSection(ExtensibilityGlobals) = postSolution
		SolutionGuid = {DE426411-A0C5-4611-95CD-16EC243DB5D1}
	EndGlobalSection
EndGlobal
